
Microsoft Visual Studio Solution File, Format Version 12.00
# Visual Studio 15
VisualStudioVersion = 15.0.26124.0
MinimumVisualStudioVersion = 15.0.26124.0
Project("{2150E333-8FDC-42A3-9474-1A3956D46DE8}") = "src", "src", "{2F50D282-F726-49F8-87B7-5662493EDBCA}"
EndProject
Project("{FAE04EC0-301F-11D3-BF4B-00C04F79EFBC}") = "FluentMediator", "src\FluentMediator\FluentMediator.csproj", "{21CE6BEA-C0A5-4676-A56A-7574E1373A0E}"
EndProject
Project("{2150E333-8FDC-42A3-9474-1A3956D46DE8}") = "test", "test", "{62742B03-49D2-429F-A928-3E6DCA724943}"
EndProject
Project("{FAE04EC0-301F-11D3-BF4B-00C04F79EFBC}") = "UnitTests", "test\UnitTests\UnitTests.csproj", "{3F9FB7FC-68CA-451D-9828-323F20FB3DB7}"
EndProject
Global
	GlobalSection(SolutionConfigurationPlatforms) = preSolution
		Debug|Any CPU = Debug|Any CPU
		Debug|x64 = Debug|x64
		Debug|x86 = Debug|x86
		Release|Any CPU = Release|Any CPU
		Release|x64 = Release|x64
		Release|x86 = Release|x86
	EndGlobalSection
	GlobalSection(SolutionProperties) = preSolution
		HideSolutionNode = FALSE
	EndGlobalSection
	GlobalSection(ProjectConfigurationPlatforms) = postSolution
		{21CE6BEA-C0A5-4676-A56A-7574E1373A0E}.Debug|Any CPU.ActiveCfg = Debug|Any CPU
		{21CE6BEA-C0A5-4676-A56A-7574E1373A0E}.Debug|Any CPU.Build.0 = Debug|Any CPU
		{21CE6BEA-C0A5-4676-A56A-7574E1373A0E}.Debug|x64.ActiveCfg = Debug|Any CPU
		{21CE6BEA-C0A5-4676-A56A-7574E1373A0E}.Debug|x64.Build.0 = Debug|Any CPU
		{21CE6BEA-C0A5-4676-A56A-7574E1373A0E}.Debug|x86.ActiveCfg = Debug|Any CPU
		{21CE6BEA-C0A5-4676-A56A-7574E1373A0E}.Debug|x86.Build.0 = Debug|Any CPU
		{21CE6BEA-C0A5-4676-A56A-7574E1373A0E}.Release|Any CPU.ActiveCfg = Release|Any CPU
		{21CE6BEA-C0A5-4676-A56A-7574E1373A0E}.Release|Any CPU.Build.0 = Release|Any CPU
		{21CE6BEA-C0A5-4676-A56A-7574E1373A0E}.Release|x64.ActiveCfg = Release|Any CPU
		{21CE6BEA-C0A5-4676-A56A-7574E1373A0E}.Release|x64.Build.0 = Release|Any CPU
		{21CE6BEA-C0A5-4676-A56A-7574E1373A0E}.Release|x86.ActiveCfg = Release|Any CPU
		{21CE6BEA-C0A5-4676-A56A-7574E1373A0E}.Release|x86.Build.0 = Release|Any CPU
		{3F9FB7FC-68CA-451D-9828-323F20FB3DB7}.Debug|Any CPU.ActiveCfg = Debug|Any CPU
		{3F9FB7FC-68CA-451D-9828-323F20FB3DB7}.Debug|Any CPU.Build.0 = Debug|Any CPU
		{3F9FB7FC-68CA-451D-9828-323F20FB3DB7}.Debug|x64.ActiveCfg = Debug|Any CPU
		{3F9FB7FC-68CA-451D-9828-323F20FB3DB7}.Debug|x64.Build.0 = Debug|Any CPU
		{3F9FB7FC-68CA-451D-9828-323F20FB3DB7}.Debug|x86.ActiveCfg = Debug|Any CPU
		{3F9FB7FC-68CA-451D-9828-323F20FB3DB7}.Debug|x86.Build.0 = Debug|Any CPU
		{3F9FB7FC-68CA-451D-9828-323F20FB3DB7}.Release|Any CPU.ActiveCfg = Release|Any CPU
		{3F9FB7FC-68CA-451D-9828-323F20FB3DB7}.Release|Any CPU.Build.0 = Release|Any CPU
		{3F9FB7FC-68CA-451D-9828-323F20FB3DB7}.Release|x64.ActiveCfg = Release|Any CPU
		{3F9FB7FC-68CA-451D-9828-323F20FB3DB7}.Release|x64.Build.0 = Release|Any CPU
		{3F9FB7FC-68CA-451D-9828-323F20FB3DB7}.Release|x86.ActiveCfg = Release|Any CPU
		{3F9FB7FC-68CA-451D-9828-323F20FB3DB7}.Release|x86.Build.0 = Release|Any CPU
	EndGlobalSection
	GlobalSection(NestedProjects) = preSolution
		{21CE6BEA-C0A5-4676-A56A-7574E1373A0E} = {2F50D282-F726-49F8-87B7-5662493EDBCA}
		{3F9FB7FC-68CA-451D-9828-323F20FB3DB7} = {62742B03-49D2-429F-A928-3E6DCA724943}
	EndGlobalSection
EndGlobal
